
Microsoft Visual Studio Solution File, Format Version 12.00
# Visual Studio Version 16
VisualStudioVersion = 16.0.31424.327
MinimumVisualStudioVersion = 10.0.40219.1
Project("{FAE04EC0-301F-11D3-BF4B-00C04F79EFBC}") = "LabWork_2", "LabWork_2.csproj", "{7C98D99C-A110-4FBD-80B7-9991282AEBF2}"
EndProject
Global
	GlobalSection(SolutionConfigurationPlatforms) = preSolution
		Debug|Any CPU = Debug|Any CPU
		Release|Any CPU = Release|Any CPU
	EndGlobalSection
	GlobalSection(ProjectConfigurationPlatforms) = postSolution
		{7C98D99C-A110-4FBD-80B7-9991282AEBF2}.Debug|Any CPU.ActiveCfg = Debug|Any CPU
		{7C98D99C-A110-4FBD-80B7-9991282AEBF2}.Debug|Any CPU.Build.0 = Debug|Any CPU
		{7C98D99C-A110-4FBD-80B7-9991282AEBF2}.Release|Any CPU.ActiveCfg = Release|Any CPU
		{7C98D99C-A110-4FBD-80B7-9991282AEBF2}.Release|Any CPU.Build.0 = Release|Any CPU
	EndGlobalSection
	GlobalSection(SolutionProperties) = preSolution
		HideSolutionNode = FALSE
	EndGlobalSection
	GlobalSection(ExtensibilityGlobals) = postSolution
		SolutionGuid = {5A66D974-197B-43BA-A95F-9E937EF98316}
	EndGlobalSection
EndGlobal
